# This file is automatically @generated by Poetry 2.2.1 and should not be changed by hand.

[[package]]
name = "adafruit-blinka"
version = "8.68.0"
description = "CircuitPython APIs for non-CircuitPython versions of Python such as CPython on Linux and MicroPython."
optional = false
python-versions = ">=3.7.0"
groups = ["main"]
files = [
    {file = "adafruit_blinka-8.68.0-py3-none-any.whl", hash = "sha256:6a1f60fa03312da0bcac9f282930d3a69e07486ef968d30a5f518ebe13a04e7a"},
    {file = "adafruit_blinka-8.68.0.tar.gz", hash = "sha256:7411be4c88ac56412b0fa2f1154bfbe5f93ad3010591a5dc8d7f3bc13ea7bbd8"},
]

[package.dependencies]
adafruit-circuitpython-typing = "*"
Adafruit-PlatformDetect = ">=3.70.1"
Adafruit-PureIO = ">=1.1.7"
binho-host-adapter = ">=0.1.6"
pyftdi = ">=0.40.0"
sysv_ipc = {version = ">=1.1.0", markers = "sys_platform == \"linux\" and platform_machine != \"mips\""}

[[package]]
name = "adafruit-circuitpython-busdevice"
version = "5.2.14"
description = "CircuitPython bus device classes to manage bus sharing."
optional = false
python-versions = "*"
groups = ["main"]
files = [
    {file = "adafruit_circuitpython_busdevice-5.2.14-py3-none-any.whl", hash = "sha256:e7d049a2dc6a3fc9245e154d66725efeb190a61e7d192fbc8f96f3b76fe1fc77"},
    {file = "adafruit_circuitpython_busdevice-5.2.14.tar.gz", hash = "sha256:377f4d9c6b7ac256a0c686fe3d88bb2d10873cec992ff7805c8719a474e92127"},
]

[package.dependencies]
Adafruit-Blinka = ">=7.0.0"
adafruit-circuitpython-typing = "*"

[[package]]
name = "adafruit-circuitpython-connectionmanager"
version = "3.1.6"
description = "A urllib3.poolmanager/urllib3.connectionpool-like library for managing sockets and connections"
optional = false
python-versions = "*"
groups = ["main"]
files = [
    {file = "adafruit_circuitpython_connectionmanager-3.1.6-py3-none-any.whl", hash = "sha256:83c7eafa294fc6e889076d1ba8a7ff902e29d062977d3602078b1594868b7042"},
    {file = "adafruit_circuitpython_connectionmanager-3.1.6.tar.gz", hash = "sha256:daa41f7675533fbb451c0f522c894911dd003f67b26f0e7be832f2e240ba28b4"},
]

[package.dependencies]
Adafruit-Blinka = "*"

[[package]]
name = "adafruit-circuitpython-neopixel"
version = "6.3.18"
description = "CircuitPython library for NeoPixel LEDs."
optional = false
python-versions = "*"
groups = ["main"]
files = [
    {file = "adafruit_circuitpython_neopixel-6.3.18-py3-none-any.whl", hash = "sha256:243ad48dd4a567078caf97c54f6e775210567c125ed39e6eaa0898d79ccab4a6"},
    {file = "adafruit_circuitpython_neopixel-6.3.18.tar.gz", hash = "sha256:0f61b15ac96fbca4743e56e2f35c6c46da4935be9445261b2902597988fc0f22"},
]

[package.dependencies]
Adafruit-Blinka = "*"
adafruit-circuitpython-pixelbuf = "*"

[[package]]
name = "adafruit-circuitpython-pixelbuf"
version = "2.0.10"
description = "A pure Python implementation of adafruit_pixelbuf for smaller boards."
optional = false
python-versions = "*"
groups = ["main"]
files = [
    {file = "adafruit_circuitpython_pixelbuf-2.0.10-py3-none-any.whl", hash = "sha256:16af5527ad8cbd8fe6cfe4e99893470c8980f2d75022e4cc67fc87b7cf0b29ff"},
    {file = "adafruit_circuitpython_pixelbuf-2.0.10.tar.gz", hash = "sha256:19b78183b5773fa4a81eb8fc1458b9feb8178884864abd7c6676db2765e26ed3"},
]

[package.dependencies]
Adafruit-Blinka = "*"

[[package]]
name = "adafruit-circuitpython-requests"
version = "4.1.15"
description = "A requests-like library for web interfacing"
optional = false
python-versions = "*"
groups = ["main"]
files = [
    {file = "adafruit_circuitpython_requests-4.1.15-py3-none-any.whl", hash = "sha256:62c6e44d23e8dfdc24f1f33464953019a9d88853b29fa471ac00200d4fa3e8ff"},
    {file = "adafruit_circuitpython_requests-4.1.15.tar.gz", hash = "sha256:409cb1c9304a0ce0a4b2f64d572400007849f6972f92a4b08ebfe35a532761e7"},
]

[package.dependencies]
Adafruit-Blinka = "*"
Adafruit-Circuitpython-ConnectionManager = "*"

[package.extras]
optional = ["requests"]

[[package]]
name = "adafruit-circuitpython-typing"
version = "1.12.3"
description = "Types needed for type annotation that are not in `typing`"
optional = false
python-versions = ">=3.8"
groups = ["main"]
files = [
    {file = "adafruit_circuitpython_typing-1.12.3-py3-none-any.whl", hash = "sha256:f6d0a02150e1e4efb5a2c2945b88d948809fdb465875f39947108b8467c986d9"},
    {file = "adafruit_circuitpython_typing-1.12.3.tar.gz", hash = "sha256:63f196f834e47842bcd4cf8c37aaa0c61e1aeb5d07f056c875fc3016cda91a12"},
]

[package.dependencies]
Adafruit-Blinka = "*"
adafruit-circuitpython-busdevice = "*"
adafruit-circuitpython-requests = "*"
typing_extensions = ">=4.0,<5.0"

[[package]]
name = "adafruit-platformdetect"
version = "3.85.0"
description = "Platform detection for use by libraries like Adafruit-Blinka."
optional = false
python-versions = "*"
groups = ["main"]
files = [
    {file = "adafruit_platformdetect-3.85.0-py3-none-any.whl", hash = "sha256:eebf86b15a7f7a5dfdb811ee0f124a0e3bb0af900f0a900728ed7dedffe1af5d"},
    {file = "adafruit_platformdetect-3.85.0.tar.gz", hash = "sha256:58350aa93dd166c4b67ba3c947b07a2d7320d14e65b92e5873fdf64d03e3f93d"},
]

[[package]]
name = "adafruit-pureio"
version = "1.1.11"
description = "Pure python (i.e. no native extensions) access to Linux IO    including I2C and SPI. Drop in replacement for smbus and spidev modules."
optional = false
python-versions = ">=3.5.0"
groups = ["main"]
files = [
    {file = "Adafruit_PureIO-1.1.11-py3-none-any.whl", hash = "sha256:281ab2099372cc0decc26326918996cbf21b8eed694ec4764d51eefa029d324e"},
    {file = "Adafruit_PureIO-1.1.11.tar.gz", hash = "sha256:c4cfbb365731942d1f1092a116f47dfdae0aef18c5b27f1072b5824ad5ea8c7c"},
]

[[package]]
name = "binho-host-adapter"
version = "0.1.6"
description = "Python Libraries for Binho Multi-Protocol USB Host Adapters"
optional = false
python-versions = "*"
groups = ["main"]
files = [
    {file = "binho-host-adapter-0.1.6.tar.gz", hash = "sha256:1e6da7a84e208c13b5f489066f05774bff1d593d0f5bf1ca149c2b8e83eae856"},
    {file = "binho_host_adapter-0.1.6-py3-none-any.whl", hash = "sha256:f71ca176c1e2fc1a5dce128beb286da217555c6c7c805f2ed282a6f3507ec277"},
]

[package.dependencies]
pyserial = "*"

[[package]]
name = "pyftdi"
version = "0.57.1"
description = "FTDI device driver (pure Python)"
optional = false
python-versions = ">=3.9"
groups = ["main"]
files = [
    {file = "pyftdi-0.57.1-py3-none-any.whl", hash = "sha256:efd3f5a7d43202dc883ff261a7b1cb4dcbbe65b19628f8603a8b1183a7bc2841"},
]

[package.dependencies]
pyserial = ">=3.0"
pyusb = ">=1.0.0,<1.2.0 || >1.2.0"

[[package]]
name = "pyserial"
version = "3.5"
description = "Python Serial Port Extension"
optional = false
python-versions = "*"
groups = ["main"]
files = [
    {file = "pyserial-3.5-py2.py3-none-any.whl", hash = "sha256:c4451db6ba391ca6ca299fb3ec7bae67a5c55dde170964c7a14ceefec02f2cf0"},
    {file = "pyserial-3.5.tar.gz", hash = "sha256:3c77e014170dfffbd816e6ffc205e9842efb10be9f58ec16d3e8675b4925cddb"},
]

[package.extras]
cp2110 = ["hidapi"]

[[package]]
name = "pyusb"
version = "1.3.1"
description = "Easy USB access for Python"
optional = false
python-versions = ">=3.9.0"
groups = ["main"]
files = [
    {file = "pyusb-1.3.1-py3-none-any.whl", hash = "sha256:bf9b754557af4717fe80c2b07cc2b923a9151f5c08d17bdb5345dac09d6a0430"},
    {file = "pyusb-1.3.1.tar.gz", hash = "sha256:3af070b607467c1c164f49d5b0caabe8ac78dbed9298d703a8dbf9df4052d17e"},
]

[[package]]
name = "rpi-ws281x"
version = "5.0.0"
description = "Userspace Raspberry Pi PWM/PCM/SPI library for SK6812 and WS281X LEDs."
optional = false
python-versions = ">=3.6"
groups = ["main"]
markers = "sys_platform == \"linux\""
files = [
    {file = "rpi_ws281x-5.0.0.tar.gz", hash = "sha256:00ce6db771436b778d0930245cf8ea2aae11008cc5fd67d57789c5422af3ee55"},
]

[[package]]
name = "sysv-ipc"
version = "1.1.0"
description = "System V IPC primitives (semaphores, shared memory and message queues) for Python"
optional = false
python-versions = "*"
groups = ["main"]
markers = "sys_platform == \"linux\" and platform_machine != \"mips\""
files = [
    {file = "sysv_ipc-1.1.0-cp36-cp36m-macosx_10_9_x86_64.whl", hash = "sha256:ff6e3c98d8aa3e1ae5378d86869c4699c76f94318705d08085c97fb010770a31"},
    {file = "sysv_ipc-1.1.0-cp37-cp37m-macosx_10_9_x86_64.whl", hash = "sha256:30611dccecd8fa0dc9f83d4d465e5047692df0ec9a095abef8b90ccc64afbdaf"},
    {file = "sysv_ipc-1.1.0-cp38-cp38-macosx_10_9_x86_64.whl", hash = "sha256:4bbbe4e5ad5ab859e6d21fc8ff3e3b01082b959fa5c2cd76289dbcd56350c5f9"},
    {file = "sysv_ipc-1.1.0-cp39-cp39-macosx_10_9_x86_64.whl", hash = "sha256:61190b934b0277f7a189092dcabceee8d9736fd73de90fd9b50ea69f0bac4723"},
    {file = "sysv_ipc-1.1.0.tar.gz", hash = "sha256:0f063cbd36ec232032e425769ebc871f195a7d183b9af32f9901589ea7129ac3"},
]

[[package]]
name = "typing-extensions"
version = "4.15.0"
description = "Backported and Experimental Type Hints for Python 3.9+"
optional = false
python-versions = ">=3.9"
groups = ["main"]
files = [
    {file = "typing_extensions-4.15.0-py3-none-any.whl", hash = "sha256:f0fa19c6845758ab08074a0cfa8b7aecb71c999ca73d62883bc25cc018c4e548"},
    {file = "typing_extensions-4.15.0.tar.gz", hash = "sha256:0cea48d173cc12fa28ecabc3b837ea3cf6f38c6d1136f85cbaaf598984861466"},
]

[metadata]
lock-version = "2.1"
python-versions = "^3.14"
content-hash = "3e81aadab3af0ca47785d5cf0800d7b8eb7090e49bded1f360da73ee288c1c7a"
